
Microsoft Visual Studio Solution File, Format Version 12.00
# Visual Studio Version 16
VisualStudioVersion = 16.0.31515.178
MinimumVisualStudioVersion = 10.0.40219.1
Project("{9A19103F-16F7-4668-BE54-9A1E7A4F7556}") = "Soundlinks.WebApi", "Soundlinks.WebApi\Soundlinks.WebApi.csproj", "{5FB6FBD9-F8E8-455B-8500-937AEB3769AE}"
EndProject
Project("{2150E333-8FDC-42A3-9474-1A3956D46DE8}") = "Modules", "Modules", "{A2AC1F40-C795-4525-988C-D6752DF6BD9C}"
EndProject
Project("{2150E333-8FDC-42A3-9474-1A3956D46DE8}") = "Soundlinks", "Soundlinks", "{371CA537-A516-4E70-82E5-BC08E4873A98}"
EndProject
Project("{9A19103F-16F7-4668-BE54-9A1E7A4F7556}") = "Soundlinks.Modules.Soundlinks.Application", "Modules\Soundlinks\Soundlinks.Modules.Soundlinks.Application\Soundlinks.Modules.Soundlinks.Application.csproj", "{EC21C6B5-1CF5-4345-94BF-DEF443FCDB62}"
EndProject
Project("{9A19103F-16F7-4668-BE54-9A1E7A4F7556}") = "Soundlinks.Modules.Soundlinks.Domain", "Modules\Soundlinks\Soundlinks.Modules.Soundlinks.Domain\Soundlinks.Modules.Soundlinks.Domain.csproj", "{2181A35B-0635-4933-BEA7-E5704D51E205}"
EndProject
Project("{9A19103F-16F7-4668-BE54-9A1E7A4F7556}") = "Soundlinks.Modules.Soundlinks.Infrastructure", "Modules\Soundlinks\Soundlinks.Modules.Soundlinks.Infrastructure\Soundlinks.Modules.Soundlinks.Infrastructure.csproj", "{063FC854-A713-4368-A63F-764999D1860C}"
EndProject
Project("{2150E333-8FDC-42A3-9474-1A3956D46DE8}") = "Shared", "Shared", "{377D7BB6-B60D-4AC0-8B64-3FE3789B45A2}"
EndProject
Project("{FAE04EC0-301F-11D3-BF4B-00C04F79EFBC}") = "Soundlinks.Shared.Abstractions", "Shared\Soundlinks.Shared.Abstractions\Soundlinks.Shared.Abstractions.csproj", "{DFA87629-E0D3-4765-BFAF-2649CF8C5DDB}"
EndProject
Project("{FAE04EC0-301F-11D3-BF4B-00C04F79EFBC}") = "Soundlinks.Shared.Data", "Shared\Soundlinks.Shared.Data\Soundlinks.Shared.Data.csproj", "{03470717-7677-4C9D-9A5A-3BA3603E8984}"
EndProject
Project("{FAE04EC0-301F-11D3-BF4B-00C04F79EFBC}") = "Soundlinks.Shared.Infrastructure", "Shared\Soundlinks.Shared.Infrastructure\Soundlinks.Shared.Infrastructure.csproj", "{17AC8627-9279-4650-8718-7B202FDFA9F9}"
EndProject
Global
	GlobalSection(SolutionConfigurationPlatforms) = preSolution
		Debug|Any CPU = Debug|Any CPU
		Release|Any CPU = Release|Any CPU
	EndGlobalSection
	GlobalSection(ProjectConfigurationPlatforms) = postSolution
		{5FB6FBD9-F8E8-455B-8500-937AEB3769AE}.Debug|Any CPU.ActiveCfg = Debug|Any CPU
		{5FB6FBD9-F8E8-455B-8500-937AEB3769AE}.Debug|Any CPU.Build.0 = Debug|Any CPU
		{5FB6FBD9-F8E8-455B-8500-937AEB3769AE}.Release|Any CPU.ActiveCfg = Release|Any CPU
		{5FB6FBD9-F8E8-455B-8500-937AEB3769AE}.Release|Any CPU.Build.0 = Release|Any CPU
		{EC21C6B5-1CF5-4345-94BF-DEF443FCDB62}.Debug|Any CPU.ActiveCfg = Debug|Any CPU
		{EC21C6B5-1CF5-4345-94BF-DEF443FCDB62}.Debug|Any CPU.Build.0 = Debug|Any CPU
		{EC21C6B5-1CF5-4345-94BF-DEF443FCDB62}.Release|Any CPU.ActiveCfg = Release|Any CPU
		{EC21C6B5-1CF5-4345-94BF-DEF443FCDB62}.Release|Any CPU.Build.0 = Release|Any CPU
		{2181A35B-0635-4933-BEA7-E5704D51E205}.Debug|Any CPU.ActiveCfg = Debug|Any CPU
		{2181A35B-0635-4933-BEA7-E5704D51E205}.Debug|Any CPU.Build.0 = Debug|Any CPU
		{2181A35B-0635-4933-BEA7-E5704D51E205}.Release|Any CPU.ActiveCfg = Release|Any CPU
		{2181A35B-0635-4933-BEA7-E5704D51E205}.Release|Any CPU.Build.0 = Release|Any CPU
		{063FC854-A713-4368-A63F-764999D1860C}.Debug|Any CPU.ActiveCfg = Debug|Any CPU
		{063FC854-A713-4368-A63F-764999D1860C}.Debug|Any CPU.Build.0 = Debug|Any CPU
		{063FC854-A713-4368-A63F-764999D1860C}.Release|Any CPU.ActiveCfg = Release|Any CPU
		{063FC854-A713-4368-A63F-764999D1860C}.Release|Any CPU.Build.0 = Release|Any CPU
		{DFA87629-E0D3-4765-BFAF-2649CF8C5DDB}.Debug|Any CPU.ActiveCfg = Debug|Any CPU
		{DFA87629-E0D3-4765-BFAF-2649CF8C5DDB}.Debug|Any CPU.Build.0 = Debug|Any CPU
		{DFA87629-E0D3-4765-BFAF-2649CF8C5DDB}.Release|Any CPU.ActiveCfg = Release|Any CPU
		{DFA87629-E0D3-4765-BFAF-2649CF8C5DDB}.Release|Any CPU.Build.0 = Release|Any CPU
		{03470717-7677-4C9D-9A5A-3BA3603E8984}.Debug|Any CPU.ActiveCfg = Debug|Any CPU
		{03470717-7677-4C9D-9A5A-3BA3603E8984}.Debug|Any CPU.Build.0 = Debug|Any CPU
		{03470717-7677-4C9D-9A5A-3BA3603E8984}.Release|Any CPU.ActiveCfg = Release|Any CPU
		{03470717-7677-4C9D-9A5A-3BA3603E8984}.Release|Any CPU.Build.0 = Release|Any CPU
		{17AC8627-9279-4650-8718-7B202FDFA9F9}.Debug|Any CPU.ActiveCfg = Debug|Any CPU
		{17AC8627-9279-4650-8718-7B202FDFA9F9}.Debug|Any CPU.Build.0 = Debug|Any CPU
		{17AC8627-9279-4650-8718-7B202FDFA9F9}.Release|Any CPU.ActiveCfg = Release|Any CPU
		{17AC8627-9279-4650-8718-7B202FDFA9F9}.Release|Any CPU.Build.0 = Release|Any CPU
	EndGlobalSection
	GlobalSection(SolutionProperties) = preSolution
		HideSolutionNode = FALSE
	EndGlobalSection
	GlobalSection(NestedProjects) = preSolution
		{371CA537-A516-4E70-82E5-BC08E4873A98} = {A2AC1F40-C795-4525-988C-D6752DF6BD9C}
		{EC21C6B5-1CF5-4345-94BF-DEF443FCDB62} = {371CA537-A516-4E70-82E5-BC08E4873A98}
		{2181A35B-0635-4933-BEA7-E5704D51E205} = {371CA537-A516-4E70-82E5-BC08E4873A98}
		{063FC854-A713-4368-A63F-764999D1860C} = {371CA537-A516-4E70-82E5-BC08E4873A98}
		{DFA87629-E0D3-4765-BFAF-2649CF8C5DDB} = {377D7BB6-B60D-4AC0-8B64-3FE3789B45A2}
		{03470717-7677-4C9D-9A5A-3BA3603E8984} = {377D7BB6-B60D-4AC0-8B64-3FE3789B45A2}
		{17AC8627-9279-4650-8718-7B202FDFA9F9} = {377D7BB6-B60D-4AC0-8B64-3FE3789B45A2}
	EndGlobalSection
	GlobalSection(ExtensibilityGlobals) = postSolution
		SolutionGuid = {AD2C3E88-1F96-4E15-9086-A4D08A07FAD5}
	EndGlobalSection
EndGlobal
