
Microsoft Visual Studio Solution File, Format Version 12.00
# Visual Studio Version 16
VisualStudioVersion = 16.0.31605.320
MinimumVisualStudioVersion = 10.0.40219.1
Project("{2150E333-8FDC-42A3-9474-1A3956D46DE8}") = "Source", "Source", "{E5EA1017-A73F-4035-AF03-39986E2566C9}"
EndProject
Project("{2150E333-8FDC-42A3-9474-1A3956D46DE8}") = "WebApi", "WebApi", "{D710315A-0C87-4065-978C-C15104F5161E}"
EndProject
Project("{FAE04EC0-301F-11D3-BF4B-00C04F79EFBC}") = "OptiRoute.WebApi", "OptiRoute\OptiRoute.WebApi\OptiRoute.WebApi.csproj", "{BC6EFCD3-0A8F-49C6-A51E-0D815A279F73}"
EndProject
Project("{2150E333-8FDC-42A3-9474-1A3956D46DE8}") = "Core", "Core", "{4D1B469A-8777-4572-A19D-D23CB39C6D93}"
EndProject
Project("{FAE04EC0-301F-11D3-BF4B-00C04F79EFBC}") = "OptiRoute.Application", "OptiRoute\OptiRoute.Application\OptiRoute.Application.csproj", "{78D7A5CF-A754-4F1F-9D5E-CC67CBBF0E41}"
EndProject
Project("{FAE04EC0-301F-11D3-BF4B-00C04F79EFBC}") = "OptiRoute.Domain", "OptiRoute\OptiRoute.Domain\OptiRoute.Domain.csproj", "{C4F85480-F1E0-4B9C-AA11-AAEB68D9273F}"
EndProject
Project("{2150E333-8FDC-42A3-9474-1A3956D46DE8}") = "Infrastructure", "Infrastructure", "{18052D9C-F2DA-466C-B311-0A990B0BF2A5}"
EndProject
Project("{FAE04EC0-301F-11D3-BF4B-00C04F79EFBC}") = "OptiRoute.Infrastructure.Identity", "OptiRoute\OptiRoute.Infrastructure.Identity\OptiRoute.Infrastructure.Identity.csproj", "{38137068-7D6C-40C7-98FC-250E63ED8B96}"
EndProject
Project("{FAE04EC0-301F-11D3-BF4B-00C04F79EFBC}") = "OptiRoute.Infrastructure.Persistence", "OptiRoute\OptiRoute.Infrastructure.Persistence\OptiRoute.Infrastructure.Persistence.csproj", "{47D7849E-9D1F-4856-AC54-DFC068BCE06A}"
EndProject
Project("{FAE04EC0-301F-11D3-BF4B-00C04F79EFBC}") = "OptiRoute.Infrastructure.Shared", "OptiRoute\OptiRoute.Infrastructure.Shared\OptiRoute.Infrastructure.Shared.csproj", "{24A6398B-4C1E-486B-9A75-FD916A79799A}"
EndProject
Global
	GlobalSection(SolutionConfigurationPlatforms) = preSolution
		Debug|Any CPU = Debug|Any CPU
		Release|Any CPU = Release|Any CPU
	EndGlobalSection
	GlobalSection(ProjectConfigurationPlatforms) = postSolution
		{BC6EFCD3-0A8F-49C6-A51E-0D815A279F73}.Debug|Any CPU.ActiveCfg = Debug|Any CPU
		{BC6EFCD3-0A8F-49C6-A51E-0D815A279F73}.Debug|Any CPU.Build.0 = Debug|Any CPU
		{BC6EFCD3-0A8F-49C6-A51E-0D815A279F73}.Release|Any CPU.ActiveCfg = Release|Any CPU
		{BC6EFCD3-0A8F-49C6-A51E-0D815A279F73}.Release|Any CPU.Build.0 = Release|Any CPU
		{78D7A5CF-A754-4F1F-9D5E-CC67CBBF0E41}.Debug|Any CPU.ActiveCfg = Debug|Any CPU
		{78D7A5CF-A754-4F1F-9D5E-CC67CBBF0E41}.Debug|Any CPU.Build.0 = Debug|Any CPU
		{78D7A5CF-A754-4F1F-9D5E-CC67CBBF0E41}.Release|Any CPU.ActiveCfg = Release|Any CPU
		{78D7A5CF-A754-4F1F-9D5E-CC67CBBF0E41}.Release|Any CPU.Build.0 = Release|Any CPU
		{C4F85480-F1E0-4B9C-AA11-AAEB68D9273F}.Debug|Any CPU.ActiveCfg = Debug|Any CPU
		{C4F85480-F1E0-4B9C-AA11-AAEB68D9273F}.Debug|Any CPU.Build.0 = Debug|Any CPU
		{C4F85480-F1E0-4B9C-AA11-AAEB68D9273F}.Release|Any CPU.ActiveCfg = Release|Any CPU
		{C4F85480-F1E0-4B9C-AA11-AAEB68D9273F}.Release|Any CPU.Build.0 = Release|Any CPU
		{38137068-7D6C-40C7-98FC-250E63ED8B96}.Debug|Any CPU.ActiveCfg = Debug|Any CPU
		{38137068-7D6C-40C7-98FC-250E63ED8B96}.Debug|Any CPU.Build.0 = Debug|Any CPU
		{38137068-7D6C-40C7-98FC-250E63ED8B96}.Release|Any CPU.ActiveCfg = Release|Any CPU
		{38137068-7D6C-40C7-98FC-250E63ED8B96}.Release|Any CPU.Build.0 = Release|Any CPU
		{47D7849E-9D1F-4856-AC54-DFC068BCE06A}.Debug|Any CPU.ActiveCfg = Debug|Any CPU
		{47D7849E-9D1F-4856-AC54-DFC068BCE06A}.Debug|Any CPU.Build.0 = Debug|Any CPU
		{47D7849E-9D1F-4856-AC54-DFC068BCE06A}.Release|Any CPU.ActiveCfg = Release|Any CPU
		{47D7849E-9D1F-4856-AC54-DFC068BCE06A}.Release|Any CPU.Build.0 = Release|Any CPU
		{24A6398B-4C1E-486B-9A75-FD916A79799A}.Debug|Any CPU.ActiveCfg = Debug|Any CPU
		{24A6398B-4C1E-486B-9A75-FD916A79799A}.Debug|Any CPU.Build.0 = Debug|Any CPU
		{24A6398B-4C1E-486B-9A75-FD916A79799A}.Release|Any CPU.ActiveCfg = Release|Any CPU
		{24A6398B-4C1E-486B-9A75-FD916A79799A}.Release|Any CPU.Build.0 = Release|Any CPU
	EndGlobalSection
	GlobalSection(SolutionProperties) = preSolution
		HideSolutionNode = FALSE
	EndGlobalSection
	GlobalSection(NestedProjects) = preSolution
		{D710315A-0C87-4065-978C-C15104F5161E} = {E5EA1017-A73F-4035-AF03-39986E2566C9}
		{BC6EFCD3-0A8F-49C6-A51E-0D815A279F73} = {D710315A-0C87-4065-978C-C15104F5161E}
		{4D1B469A-8777-4572-A19D-D23CB39C6D93} = {E5EA1017-A73F-4035-AF03-39986E2566C9}
		{78D7A5CF-A754-4F1F-9D5E-CC67CBBF0E41} = {4D1B469A-8777-4572-A19D-D23CB39C6D93}
		{C4F85480-F1E0-4B9C-AA11-AAEB68D9273F} = {4D1B469A-8777-4572-A19D-D23CB39C6D93}
		{18052D9C-F2DA-466C-B311-0A990B0BF2A5} = {E5EA1017-A73F-4035-AF03-39986E2566C9}
		{38137068-7D6C-40C7-98FC-250E63ED8B96} = {18052D9C-F2DA-466C-B311-0A990B0BF2A5}
		{47D7849E-9D1F-4856-AC54-DFC068BCE06A} = {18052D9C-F2DA-466C-B311-0A990B0BF2A5}
		{24A6398B-4C1E-486B-9A75-FD916A79799A} = {18052D9C-F2DA-466C-B311-0A990B0BF2A5}
	EndGlobalSection
	GlobalSection(ExtensibilityGlobals) = postSolution
		SolutionGuid = {37CAE628-CBF0-43E6-8152-EA28D45F869B}
	EndGlobalSection
EndGlobal
