
Microsoft Visual Studio Solution File, Format Version 12.00
# Visual Studio Version 16
VisualStudioVersion = 16.0.31605.320
MinimumVisualStudioVersion = 10.0.40219.1
Project("{9A19103F-16F7-4668-BE54-9A1E7A4F7556}") = "AlgorithmCoreVRPTW", "AlgorithmCoreVRPTW\AlgorithmCoreVRPTW.csproj", "{A73D0301-4D30-4117-88AD-A6EDE7AF8B85}"
EndProject
Project("{FAE04EC0-301F-11D3-BF4B-00C04F79EFBC}") = "AlgorithmCoreVRPTW.Tests", "AlgorithmCoreVRPTW.Tests\AlgorithmCoreVRPTW.Tests.csproj", "{BE9F72EA-C354-44C3-8ED4-0913A3C481EE}"
EndProject
Global
	GlobalSection(SolutionConfigurationPlatforms) = preSolution
		Debug|Any CPU = Debug|Any CPU
		Release|Any CPU = Release|Any CPU
	EndGlobalSection
	GlobalSection(ProjectConfigurationPlatforms) = postSolution
		{A73D0301-4D30-4117-88AD-A6EDE7AF8B85}.Debug|Any CPU.ActiveCfg = Debug|Any CPU
		{A73D0301-4D30-4117-88AD-A6EDE7AF8B85}.Debug|Any CPU.Build.0 = Debug|Any CPU
		{A73D0301-4D30-4117-88AD-A6EDE7AF8B85}.Release|Any CPU.ActiveCfg = Release|Any CPU
		{A73D0301-4D30-4117-88AD-A6EDE7AF8B85}.Release|Any CPU.Build.0 = Release|Any CPU
		{BE9F72EA-C354-44C3-8ED4-0913A3C481EE}.Debug|Any CPU.ActiveCfg = Debug|Any CPU
		{BE9F72EA-C354-44C3-8ED4-0913A3C481EE}.Debug|Any CPU.Build.0 = Debug|Any CPU
		{BE9F72EA-C354-44C3-8ED4-0913A3C481EE}.Release|Any CPU.ActiveCfg = Release|Any CPU
		{BE9F72EA-C354-44C3-8ED4-0913A3C481EE}.Release|Any CPU.Build.0 = Release|Any CPU
	EndGlobalSection
	GlobalSection(SolutionProperties) = preSolution
		HideSolutionNode = FALSE
	EndGlobalSection
	GlobalSection(ExtensibilityGlobals) = postSolution
		SolutionGuid = {7AAD0FB6-F1E2-4DC5-92A6-657C6785C098}
	EndGlobalSection
EndGlobal
